
Microsoft Visual Studio Solution File, Format Version 12.00
# Visual Studio Version 17
VisualStudioVersion = 17.13.35825.156 d17.13
MinimumVisualStudioVersion = 10.0.40219.1
Project("{FAE04EC0-301F-11D3-BF4B-00C04F79EFBC}") = "lab_2", "lab_2.csproj", "{69A52E7C-E137-465C-9476-AD21A0EBD3BE}"
EndProject
Project("{FAE04EC0-301F-11D3-BF4B-00C04F79EFBC}") = "lab_2_Tests", "..\TestProject1\lab_2_Tests.csproj", "{978AF7FF-7174-4ADB-8210-D6821EDD9C26}"
EndProject
Global
	GlobalSection(SolutionConfigurationPlatforms) = preSolution
		Debug|Any CPU = Debug|Any CPU
		Release|Any CPU = Release|Any CPU
	EndGlobalSection
	GlobalSection(ProjectConfigurationPlatforms) = postSolution
		{69A52E7C-E137-465C-9476-AD21A0EBD3BE}.Debug|Any CPU.ActiveCfg = Debug|Any CPU
		{69A52E7C-E137-465C-9476-AD21A0EBD3BE}.Debug|Any CPU.Build.0 = Debug|Any CPU
		{69A52E7C-E137-465C-9476-AD21A0EBD3BE}.Release|Any CPU.ActiveCfg = Release|Any CPU
		{69A52E7C-E137-465C-9476-AD21A0EBD3BE}.Release|Any CPU.Build.0 = Release|Any CPU
		{978AF7FF-7174-4ADB-8210-D6821EDD9C26}.Debug|Any CPU.ActiveCfg = Debug|Any CPU
		{978AF7FF-7174-4ADB-8210-D6821EDD9C26}.Debug|Any CPU.Build.0 = Debug|Any CPU
		{978AF7FF-7174-4ADB-8210-D6821EDD9C26}.Release|Any CPU.ActiveCfg = Release|Any CPU
		{978AF7FF-7174-4ADB-8210-D6821EDD9C26}.Release|Any CPU.Build.0 = Release|Any CPU
	EndGlobalSection
	GlobalSection(SolutionProperties) = preSolution
		HideSolutionNode = FALSE
	EndGlobalSection
	GlobalSection(ExtensibilityGlobals) = postSolution
		SolutionGuid = {59E12E86-6E45-49D4-BADD-CAFAD6F038B0}
	EndGlobalSection
EndGlobal
